{
  "name": "bpm-ssg",
  "version": "1.0.0",
  "lockfileVersion": 2,
  "requires": true,
  "packages": {
    "": {
      "version": "1.0.0",
      "license": "ISC",
      "dependencies": {
        "esm-seedrandom": "^3.0.5",
        "uesavetool": "file:../UESaveTool"
      }
    },
    "../UESaveTool": {
      "name": "uesavetool",
      "version": "1.1.4",
      "license": "MIT",
      "devDependencies": {}
    },
    "node_modules/esm-seedrandom": {
      "version": "3.0.5",
      "resolved": "https://registry.npmjs.org/esm-seedrandom/-/esm-seedrandom-3.0.5.tgz",
      "integrity": "sha512-pMAq0mFIr5JQ3Ihbng7EBLMJ+llMbaDKkiG44pqbSXS0NIZWtEANpOpxb5s6Q8Q2R562P26qMHPv8YtP/NHh9g=="
    },
    "node_modules/uesavetool": {
      "resolved": "../UESaveTool",
      "link": true
    },
    "src": {
      "name": "bpmgensave",
      "version": "1.0.0",
      "extraneous": true,
      "license": "ISC"
    }
  },
  "dependencies": {
    "esm-seedrandom": {
      "version": "3.0.5",
      "resolved": "https://registry.npmjs.org/esm-seedrandom/-/esm-seedrandom-3.0.5.tgz",
      "integrity": "sha512-pMAq0mFIr5JQ3Ihbng7EBLMJ+llMbaDKkiG44pqbSXS0NIZWtEANpOpxb5s6Q8Q2R562P26qMHPv8YtP/NHh9g=="
    },
    "uesavetool": {
      "version": "file:../UESaveTool"
    }
  }
}
