{
  "name": "bpm-ssg",
  "version": "1.0.0",
  "lockfileVersion": 2,
  "requires": true,
  "packages": {
    "": {
      "version": "1.0.0",
      "license": "ISC",
      "dependencies": {
        "esm-seedrandom": "^3.0.5",
        "uesavetool": "^1.1.3"
      }
    },
    "../UESaveTool": {
      "name": "uesavetool",
      "version": "1.1.3",
      "extraneous": true,
      "license": "MIT",
      "devDependencies": {}
    },
    "node_modules/esm-seedrandom": {
      "version": "3.0.5",
      "resolved": "https://registry.npmjs.org/esm-seedrandom/-/esm-seedrandom-3.0.5.tgz",
      "integrity": "sha512-pMAq0mFIr5JQ3Ihbng7EBLMJ+llMbaDKkiG44pqbSXS0NIZWtEANpOpxb5s6Q8Q2R562P26qMHPv8YtP/NHh9g=="
    },
    "node_modules/uesavetool": {
      "version": "1.1.3",
      "resolved": "https://registry.npmjs.org/uesavetool/-/uesavetool-1.1.3.tgz",
      "integrity": "sha512-lxszydS3M8CvSR0K6i/6D3mt1BLGyelPmqee+0YNGh6tmec8D5l9DXyVka0BY2Bzh2krADWSrlsSRKAItjrl3g=="
    }
  },
  "dependencies": {
    "esm-seedrandom": {
      "version": "3.0.5",
      "resolved": "https://registry.npmjs.org/esm-seedrandom/-/esm-seedrandom-3.0.5.tgz",
      "integrity": "sha512-pMAq0mFIr5JQ3Ihbng7EBLMJ+llMbaDKkiG44pqbSXS0NIZWtEANpOpxb5s6Q8Q2R562P26qMHPv8YtP/NHh9g=="
    },
    "uesavetool": {
      "version": "1.1.3",
      "resolved": "https://registry.npmjs.org/uesavetool/-/uesavetool-1.1.3.tgz",
      "integrity": "sha512-lxszydS3M8CvSR0K6i/6D3mt1BLGyelPmqee+0YNGh6tmec8D5l9DXyVka0BY2Bzh2krADWSrlsSRKAItjrl3g=="
    }
  }
}
